// !$*UTF8*$!
{
	archiveVersion = 1;
	classes = {
	};
	objectVersion = 48;
	objects = {

/* Begin PBXBuildFile section */
		D605DEA7212A0A14006F5B2D /* AppDelegate.swift in Sources */ = {isa = PBXBuildFile; fileRef = D605DEA6212A0A14006F5B2D /* AppDelegate.swift */; };
		D605DEA9212A0A14006F5B2D /* CategoriesVC.swift in Sources */ = {isa = PBXBuildFile; fileRef = D605DEA8212A0A14006F5B2D /* CategoriesVC.swift */; };
		D605DEAC212A0A14006F5B2D /* Main.storyboard in Resources */ = {isa = PBXBuildFile; fileRef = D605DEAA212A0A14006F5B2D /* Main.storyboard */; };
		D605DEAE212A0A14006F5B2D /* Assets.xcassets in Resources */ = {isa = PBXBuildFile; fileRef = D605DEAD212A0A14006F5B2D /* Assets.xcassets */; };
		D605DEB1212A0A14006F5B2D /* LaunchScreen.storyboard in Resources */ = {isa = PBXBuildFile; fileRef = D605DEAF212A0A14006F5B2D /* LaunchScreen.storyboard */; };
		D605DEBC212A4EF6006F5B2D /* CategoryCell.swift in Sources */ = {isa = PBXBuildFile; fileRef = D605DEBB212A4EF6006F5B2D /* CategoryCell.swift */; };
		D605DEBE212A51F9006F5B2D /* Category.swift in Sources */ = {isa = PBXBuildFile; fileRef = D605DEBD212A51F9006F5B2D /* Category.swift */; };
		D605DEC2212A6039006F5B2D /* DataService.swift in Sources */ = {isa = PBXBuildFile; fileRef = D605DEC1212A6039006F5B2D /* DataService.swift */; };
		D6FED0B6213DEADE00C43FD6 /* ProductCell.swift in Sources */ = {isa = PBXBuildFile; fileRef = D6FED0B5213DEADE00C43FD6 /* ProductCell.swift */; };
/* End PBXBuildFile section */

/* Begin PBXFileReference section */
		D605DEA3212A0A14006F5B2D /* OnlineStore.app */ = {isa = PBXFileReference; explicitFileType = wrapper.application; includeInIndex = 0; path = OnlineStore.app; sourceTree = BUILT_PRODUCTS_DIR; };
		D605DEA6212A0A14006F5B2D /* AppDelegate.swift */ = {isa = PBXFileReference; lastKnownFileType = sourcecode.swift; path = AppDelegate.swift; sourceTree = "<group>"; };
		D605DEA8212A0A14006F5B2D /* CategoriesVC.swift */ = {isa = PBXFileReference; lastKnownFileType = sourcecode.swift; path = CategoriesVC.swift; sourceTree = "<group>"; };
		D605DEAB212A0A14006F5B2D /* Base */ = {isa = PBXFileReference; lastKnownFileType = file.storyboard; name = Base; path = Base.lproj/Main.storyboard; sourceTree = "<group>"; };
		D605DEAD212A0A14006F5B2D /* Assets.xcassets */ = {isa = PBXFileReference; lastKnownFileType = folder.assetcatalog; path = Assets.xcassets; sourceTree = "<group>"; };
		D605DEB0212A0A14006F5B2D /* Base */ = {isa = PBXFileReference; lastKnownFileType = file.storyboard; name = Base; path = Base.lproj/LaunchScreen.storyboard; sourceTree = "<group>"; };
		D605DEB2212A0A14006F5B2D /* Info.plist */ = {isa = PBXFileReference; lastKnownFileType = text.plist.xml; path = Info.plist; sourceTree = "<group>"; };
		D605DEBB212A4EF6006F5B2D /* CategoryCell.swift */ = {isa = PBXFileReference; lastKnownFileType = sourcecode.swift; path = CategoryCell.swift; sourceTree = "<group>"; };
		D605DEBD212A51F9006F5B2D /* Category.swift */ = {isa = PBXFileReference; lastKnownFileType = sourcecode.swift; path = Category.swift; sourceTree = "<group>"; };
		D605DEC1212A6039006F5B2D /* DataService.swift */ = {isa = PBXFileReference; lastKnownFileType = sourcecode.swift; path = DataService.swift; sourceTree = "<group>"; };
		D6FED0B5213DEADE00C43FD6 /* ProductCell.swift */ = {isa = PBXFileReference; lastKnownFileType = sourcecode.swift; path = ProductCell.swift; sourceTree = "<group>"; };
/* End PBXFileReference section */

/* Begin PBXFrameworksBuildPhase section */
		D605DEA0212A0A14006F5B2D /* Frameworks */ = {
			isa = PBXFrameworksBuildPhase;
			buildActionMask = 2147483647;
			files = (
			);
			runOnlyForDeploymentPostprocessing = 0;
		};
/* End PBXFrameworksBuildPhase section */

/* Begin PBXGroup section */
		D605DE9A212A0A14006F5B2D = {
			isa = PBXGroup;
			children = (
				D605DEA5212A0A14006F5B2D /* OnlineStore */,
				D605DEA4212A0A14006F5B2D /* Products */,
			);
			sourceTree = "<group>";
		};
		D605DEA4212A0A14006F5B2D /* Products */ = {
			isa = PBXGroup;
			children = (
				D605DEA3212A0A14006F5B2D /* OnlineStore.app */,
			);
			name = Products;
			sourceTree = "<group>";
		};
		D605DEA5212A0A14006F5B2D /* OnlineStore */ = {
			isa = PBXGroup;
			children = (
				D605DEC0212A6028006F5B2D /* Services */,
				D605DEBA212A14A9006F5B2D /* Views */,
				D605DEB9212A14A3006F5B2D /* Model */,
				D605DEB8212A1470006F5B2D /* Controllers */,
				D605DEA6212A0A14006F5B2D /* AppDelegate.swift */,
				D605DEAA212A0A14006F5B2D /* Main.storyboard */,
				D605DEAD212A0A14006F5B2D /* Assets.xcassets */,
				D605DEAF212A0A14006F5B2D /* LaunchScreen.storyboard */,
				D605DEB2212A0A14006F5B2D /* Info.plist */,
			);
			path = OnlineStore;
			sourceTree = "<group>";
		};
		D605DEB8212A1470006F5B2D /* Controllers */ = {
			isa = PBXGroup;
			children = (
				D605DEA8212A0A14006F5B2D /* CategoriesVC.swift */,
			);
			path = Controllers;
			sourceTree = "<group>";
		};
		D605DEB9212A14A3006F5B2D /* Model */ = {
			isa = PBXGroup;
			children = (
				D605DEBD212A51F9006F5B2D /* Category.swift */,
			);
			path = Model;
			sourceTree = "<group>";
		};
		D605DEBA212A14A9006F5B2D /* Views */ = {
			isa = PBXGroup;
			children = (
				D605DEBB212A4EF6006F5B2D /* CategoryCell.swift */,
				D6FED0B5213DEADE00C43FD6 /* ProductCell.swift */,
			);
			path = Views;
			sourceTree = "<group>";
		};
		D605DEC0212A6028006F5B2D /* Services */ = {
			isa = PBXGroup;
			children = (
				D605DEC1212A6039006F5B2D /* DataService.swift */,
			);
			path = Services;
			sourceTree = "<group>";
		};
/* End PBXGroup section */

/* Begin PBXNativeTarget section */
		D605DEA2212A0A14006F5B2D /* OnlineStore */ = {
			isa = PBXNativeTarget;
			buildConfigurationList = D605DEB5212A0A14006F5B2D /* Build configuration list for PBXNativeTarget "OnlineStore" */;
			buildPhases = (
				D605DE9F212A0A14006F5B2D /* Sources */,
				D605DEA0212A0A14006F5B2D /* Frameworks */,
				D605DEA1212A0A14006F5B2D /* Resources */,
			);
			buildRules = (
			);
			dependencies = (
			);
			name = OnlineStore;
			productName = OnlineStore;
			productReference = D605DEA3212A0A14006F5B2D /* OnlineStore.app */;
			productType = "com.apple.product-type.application";
		};
/* End PBXNativeTarget section */

/* Begin PBXProject section */
		D605DE9B212A0A14006F5B2D /* Project object */ = {
			isa = PBXProject;
			attributes = {
				LastSwiftUpdateCheck = 0920;
				LastUpgradeCheck = 0920;
				ORGANIZATIONNAME = "Sravya Kaki";
				TargetAttributes = {
					D605DEA2212A0A14006F5B2D = {
						CreatedOnToolsVersion = 9.2;
						ProvisioningStyle = Automatic;
					};
				};
			};
			buildConfigurationList = D605DE9E212A0A14006F5B2D /* Build configuration list for PBXProject "OnlineStore" */;
			compatibilityVersion = "Xcode 8.0";
			developmentRegion = en;
			hasScannedForEncodings = 0;
			knownRegions = (
				en,
				Base,
			);
			mainGroup = D605DE9A212A0A14006F5B2D;
			productRefGroup = D605DEA4212A0A14006F5B2D /* Products */;
			projectDirPath = "";
			projectRoot = "";
			targets = (
				D605DEA2212A0A14006F5B2D /* OnlineStore */,
			);
		};
/* End PBXProject section */

/* Begin PBXResourcesBuildPhase section */
		D605DEA1212A0A14006F5B2D /* Resources */ = {
			isa = PBXResourcesBuildPhase;
			buildActionMask = 2147483647;
			files = (
				D605DEB1212A0A14006F5B2D /* LaunchScreen.storyboard in Resources */,
				D605DEAE212A0A14006F5B2D /* Assets.xcassets in Resources */,
				D605DEAC212A0A14006F5B2D /* Main.storyboard in Resources */,
			);
			runOnlyForDeploymentPostprocessing = 0;
		};
/* End PBXResourcesBuildPhase section */

/* Begin PBXSourcesBuildPhase section */
		D605DE9F212A0A14006F5B2D /* Sources */ = {
			isa = PBXSourcesBuildPhase;
			buildActionMask = 2147483647;
			files = (
				D605DEA9212A0A14006F5B2D /* CategoriesVC.swift in Sources */,
				D605DEA7212A0A14006F5B2D /* AppDelegate.swift in Sources */,
				D605DEBC212A4EF6006F5B2D /* CategoryCell.swift in Sources */,
				D6FED0B6213DEADE00C43FD6 /* ProductCell.swift in Sources */,
				D605DEBE212A51F9006F5B2D /* Category.swift in Sources */,
				D605DEC2212A6039006F5B2D /* DataService.swift in Sources */,
			);
			runOnlyForDeploymentPostprocessing = 0;
		};
/* End PBXSourcesBuildPhase section */

/* Begin PBXVariantGroup section */
		D605DEAA212A0A14006F5B2D /* Main.storyboard */ = {
			isa = PBXVariantGroup;
			children = (
				D605DEAB212A0A14006F5B2D /* Base */,
			);
			name = Main.storyboard;
			sourceTree = "<group>";
		};
		D605DEAF212A0A14006F5B2D /* LaunchScreen.storyboard */ = {
			isa = PBXVariantGroup;
			children = (
				D605DEB0212A0A14006F5B2D /* Base */,
			);
			name = LaunchScreen.storyboard;
			sourceTree = "<group>";
		};
/* End PBXVariantGroup section */

/* Begin XCBuildConfiguration section */
		D605DEB3212A0A14006F5B2D /* Debug */ = {
			isa = XCBuildConfiguration;
			buildSettings = {
				ALWAYS_SEARCH_USER_PATHS = NO;
				CLANG_ANALYZER_NONNULL = YES;
				CLANG_ANALYZER_NUMBER_OBJECT_CONVERSION = YES_AGGRESSIVE;
				CLANG_CXX_LANGUAGE_STANDARD = "gnu++14";
				CLANG_CXX_LIBRARY = "libc++";
				CLANG_ENABLE_MODULES = YES;
				CLANG_ENABLE_OBJC_ARC = YES;
				CLANG_WARN_BLOCK_CAPTURE_AUTORELEASING = YES;
				CLANG_WARN_BOOL_CONVERSION = YES;
				CLANG_WARN_COMMA = YES;
				CLANG_WARN_CONSTANT_CONVERSION = YES;
				CLANG_WARN_DIRECT_OBJC_ISA_USAGE = YES_ERROR;
				CLANG_WARN_DOCUMENTATION_COMMENTS = YES;
				CLANG_WARN_EMPTY_BODY = YES;
				CLANG_WARN_ENUM_CONVERSION = YES;
				CLANG_WARN_INFINITE_RECURSION = YES;
				CLANG_WARN_INT_CONVERSION = YES;
				CLANG_WARN_NON_LITERAL_NULL_CONVERSION = YES;
				CLANG_WARN_OBJC_LITERAL_CONVERSION = YES;
				CLANG_WARN_OBJC_ROOT_CLASS = YES_ERROR;
				CLANG_WARN_RANGE_LOOP_ANALYSIS = YES;
				CLANG_WARN_STRICT_PROTOTYPES = YES;
				CLANG_WARN_SUSPICIOUS_MOVE = YES;
				CLANG_WARN_UNGUARDED_AVAILABILITY = YES_AGGRESSIVE;
				CLANG_WARN_UNREACHABLE_CODE = YES;
				CLANG_WARN__DUPLICATE_METHOD_MATCH = YES;
				CODE_SIGN_IDENTITY = "iPhone Developer";
				COPY_PHASE_STRIP = NO;
				DEBUG_INFORMATION_FORMAT = dwarf;
				ENABLE_STRICT_OBJC_MSGSEND = YES;
				ENABLE_TESTABILITY = YES;
				GCC_C_LANGUAGE_STANDARD = gnu11;
				GCC_DYNAMIC_NO_PIC = NO;
				GCC_NO_COMMON_BLOCKS = YES;
				GCC_OPTIMIZATION_LEVEL = 0;
				GCC_PREPROCESSOR_DEFINITIONS = (
					"DEBUG=1",
					"$(inherited)",
				);
				GCC_WARN_64_TO_32_BIT_CONVERSION = YES;
				GCC_WARN_ABOUT_RETURN_TYPE = YES_ERROR;
				GCC_WARN_UNDECLARED_SELECTOR = YES;
				GCC_WARN_UNINITIALIZED_AUTOS = YES_AGGRESSIVE;
				GCC_WARN_UNUSED_FUNCTION = YES;
				GCC_WARN_UNUSED_VARIABLE = YES;
				IPHONEOS_DEPLOYMENT_TARGET = 11.2;
				MTL_ENABLE_DEBUG_INFO = YES;
				ONLY_ACTIVE_ARCH = YES;
				SDKROOT = iphoneos;
				SWIFT_ACTIVE_COMPILATION_CONDITIONS = DEBUG;
				SWIFT_OPTIMIZATION_LEVEL = "-Onone";
			};
			name = Debug;
		};
		D605DEB4212A0A14006F5B2D /* Release */ = {
			isa = XCBuildConfiguration;
			buildSettings = {
				ALWAYS_SEARCH_USER_PATHS = NO;
				CLANG_ANALYZER_NONNULL = YES;
				CLANG_ANALYZER_NUMBER_OBJECT_CONVERSION = YES_AGGRESSIVE;
				CLANG_CXX_LANGUAGE_STANDARD = "gnu++14";
				CLANG_CXX_LIBRARY = "libc++";
				CLANG_ENABLE_MODULES = YES;
				CLANG_ENABLE_OBJC_ARC = YES;
				CLANG_WARN_BLOCK_CAPTURE_AUTORELEASING = YES;
				CLANG_WARN_BOOL_CONVERSION = YES;
				CLANG_WARN_COMMA = YES;
				CLANG_WARN_CONSTANT_CONVERSION = YES;
				CLANG_WARN_DIRECT_OBJC_ISA_USAGE = YES_ERROR;
				CLANG_WARN_DOCUMENTATION_COMMENTS = YES;
				CLANG_WARN_EMPTY_BODY = YES;
				CLANG_WARN_ENUM_CONVERSION = YES;
				CLANG_WARN_INFINITE_RECURSION = YES;
				CLANG_WARN_INT_CONVERSION = YES;
				CLANG_WARN_NON_LITERAL_NULL_CONVERSION = YES;
				CLANG_WARN_OBJC_LITERAL_CONVERSION = YES;
				CLANG_WARN_OBJC_ROOT_CLASS = YES_ERROR;
				CLANG_WARN_RANGE_LOOP_ANALYSIS = YES;
				CLANG_WARN_STRICT_PROTOTYPES = YES;
				CLANG_WARN_SUSPICIOUS_MOVE = YES;
				CLANG_WARN_UNGUARDED_AVAILABILITY = YES_AGGRESSIVE;
				CLANG_WARN_UNREACHABLE_CODE = YES;
				CLANG_WARN__DUPLICATE_METHOD_MATCH = YES;
				CODE_SIGN_IDENTITY = "iPhone Developer";
				COPY_PHASE_STRIP = NO;
				DEBUG_INFORMATION_FORMAT = "dwarf-with-dsym";
				ENABLE_NS_ASSERTIONS = NO;
				ENABLE_STRICT_OBJC_MSGSEND = YES;
				GCC_C_LANGUAGE_STANDARD = gnu11;
				GCC_NO_COMMON_BLOCKS = YES;
				GCC_WARN_64_TO_32_BIT_CONVERSION = YES;
				GCC_WARN_ABOUT_RETURN_TYPE = YES_ERROR;
				GCC_WARN_UNDECLARED_SELECTOR = YES;
				GCC_WARN_UNINITIALIZED_AUTOS = YES_AGGRESSIVE;
				GCC_WARN_UNUSED_FUNCTION = YES;
				GCC_WARN_UNUSED_VARIABLE = YES;
				IPHONEOS_DEPLOYMENT_TARGET = 11.2;
				MTL_ENABLE_DEBUG_INFO = NO;
				SDKROOT = iphoneos;
				SWIFT_OPTIMIZATION_LEVEL = "-Owholemodule";
				VALIDATE_PRODUCT = YES;
			};
			name = Release;
		};
		D605DEB6212A0A14006F5B2D /* Debug */ = {
			isa = XCBuildConfiguration;
			buildSettings = {
				ASSETCATALOG_COMPILER_APPICON_NAME = AppIcon;
				CODE_SIGN_STYLE = Automatic;
				DEVELOPMENT_TEAM = A9LJR8LPA6;
				INFOPLIST_FILE = OnlineStore/Info.plist;
				LD_RUNPATH_SEARCH_PATHS = "$(inherited) @executable_path/Frameworks";
				PRODUCT_BUNDLE_IDENTIFIER = com.sk.OnlineStore;
				PRODUCT_NAME = "$(TARGET_NAME)";
				SWIFT_VERSION = 4.0;
				TARGETED_DEVICE_FAMILY = "1,2";
			};
			name = Debug;
		};
		D605DEB7212A0A14006F5B2D /* Release */ = {
			isa = XCBuildConfiguration;
			buildSettings = {
				ASSETCATALOG_COMPILER_APPICON_NAME = AppIcon;
				CODE_SIGN_STYLE = Automatic;
				DEVELOPMENT_TEAM = A9LJR8LPA6;
				INFOPLIST_FILE = OnlineStore/Info.plist;
				LD_RUNPATH_SEARCH_PATHS = "$(inherited) @executable_path/Frameworks";
				PRODUCT_BUNDLE_IDENTIFIER = com.sk.OnlineStore;
				PRODUCT_NAME = "$(TARGET_NAME)";
				SWIFT_VERSION = 4.0;
				TARGETED_DEVICE_FAMILY = "1,2";
			};
			name = Release;
		};
/* End XCBuildConfiguration section */

/* Begin XCConfigurationList section */
		D605DE9E212A0A14006F5B2D /* Build configuration list for PBXProject "OnlineStore" */ = {
			isa = XCConfigurationList;
			buildConfigurations = (
				D605DEB3212A0A14006F5B2D /* Debug */,
				D605DEB4212A0A14006F5B2D /* Release */,
			);
			defaultConfigurationIsVisible = 0;
			defaultConfigurationName = Release;
		};
		D605DEB5212A0A14006F5B2D /* Build configuration list for PBXNativeTarget "OnlineStore" */ = {
			isa = XCConfigurationList;
			buildConfigurations = (
				D605DEB6212A0A14006F5B2D /* Debug */,
				D605DEB7212A0A14006F5B2D /* Release */,
			);
			defaultConfigurationIsVisible = 0;
			defaultConfigurationName = Release;
		};
/* End XCConfigurationList section */
	};
	rootObject = D605DE9B212A0A14006F5B2D /* Project object */;
}
